
Microsoft Visual Studio Solution File, Format Version 12.00
# Visual Studio Version 16
VisualStudioVersion = 16.0.31729.503
MinimumVisualStudioVersion = 10.0.40219.1
Project("{FAE04EC0-301F-11D3-BF4B-00C04F79EFBC}") = "GenericMaximum", "GenericMaximum.csproj", "{1881E595-2E10-4249-B723-8F878AF3E905}"
EndProject
Global
	GlobalSection(SolutionConfigurationPlatforms) = preSolution
		Debug|Any CPU = Debug|Any CPU
		Release|Any CPU = Release|Any CPU
	EndGlobalSection
	GlobalSection(ProjectConfigurationPlatforms) = postSolution
		{1881E595-2E10-4249-B723-8F878AF3E905}.Debug|Any CPU.ActiveCfg = Debug|Any CPU
		{1881E595-2E10-4249-B723-8F878AF3E905}.Debug|Any CPU.Build.0 = Debug|Any CPU
		{1881E595-2E10-4249-B723-8F878AF3E905}.Release|Any CPU.ActiveCfg = Release|Any CPU
		{1881E595-2E10-4249-B723-8F878AF3E905}.Release|Any CPU.Build.0 = Release|Any CPU
	EndGlobalSection
	GlobalSection(SolutionProperties) = preSolution
		HideSolutionNode = FALSE
	EndGlobalSection
	GlobalSection(ExtensibilityGlobals) = postSolution
		SolutionGuid = {EBFFB12F-F58E-42AF-89DD-8F53AC987474}
	EndGlobalSection
EndGlobal
